
Microsoft Visual Studio Solution File, Format Version 12.00
# Visual Studio 15
VisualStudioVersion = 15.0.28307.1022
MinimumVisualStudioVersion = 10.0.40219.1
Project("{FAE04EC0-301F-11D3-BF4B-00C04F79EFBC}") = "iCAR10p", "iCAR10p\iCAR10p.csproj", "{8F1FEE74-4523-4EB6-AA8F-A9DD43FC5DBC}"
EndProject
Global
	GlobalSection(SolutionConfigurationPlatforms) = preSolution
		Debug|Any CPU = Debug|Any CPU
		Release|Any CPU = Release|Any CPU
	EndGlobalSection
	GlobalSection(ProjectConfigurationPlatforms) = postSolution
		{8F1FEE74-4523-4EB6-AA8F-A9DD43FC5DBC}.Debug|Any CPU.ActiveCfg = Debug|Any CPU
		{8F1FEE74-4523-4EB6-AA8F-A9DD43FC5DBC}.Debug|Any CPU.Build.0 = Debug|Any CPU
		{8F1FEE74-4523-4EB6-AA8F-A9DD43FC5DBC}.Release|Any CPU.ActiveCfg = Release|Any CPU
		{8F1FEE74-4523-4EB6-AA8F-A9DD43FC5DBC}.Release|Any CPU.Build.0 = Release|Any CPU
	EndGlobalSection
	GlobalSection(SolutionProperties) = preSolution
		HideSolutionNode = FALSE
	EndGlobalSection
	GlobalSection(ExtensibilityGlobals) = postSolution
		SolutionGuid = {BAB3F3CE-0DFC-4D24-BAA5-51A7D4108E74}
	EndGlobalSection
EndGlobal
